
Microsoft Visual Studio Solution File, Format Version 12.00
# Visual Studio Version 17
VisualStudioVersion = 17.5.33530.505
MinimumVisualStudioVersion = 10.0.40219.1
Project("{9A19103F-16F7-4668-BE54-9A1E7A4F7556}") = "ModernFrequency", "ModernFrequency.csproj", "{DFDB3946-320C-4DC7-B45D-F3A6F8C6D028}"
EndProject
Project("{9A19103F-16F7-4668-BE54-9A1E7A4F7556}") = "ModernFrequency.Data.Models", "..\ModernFrequency.Data.Models\ModernFrequency.Data.Models.csproj", "{943F6D57-D542-4173-8240-C7D832544A56}"
EndProject
Project("{9A19103F-16F7-4668-BE54-9A1E7A4F7556}") = "ModernFrequency.Data.Abstraction", "..\ModernFrequency.Data.Abstraction\ModernFrequency.Data.Abstraction.csproj", "{2E3A2A64-2B96-4318-8FCE-0F81E20605B7}"
EndProject
Project("{9A19103F-16F7-4668-BE54-9A1E7A4F7556}") = "ModernFrequency.Data", "..\ModernFrequency.Data\ModernFrequency.Data.csproj", "{8D5D08D4-FD62-4B84-B5A3-89046DFC0ACB}"
EndProject
Project("{FAE04EC0-301F-11D3-BF4B-00C04F79EFBC}") = "ModernFrequency.Business", "..\ModernFrequency.Business\ModernFrequency.Business.csproj", "{44ACA7E9-E3CA-4735-AE86-7810ECD58D70}"
EndProject
Project("{FAE04EC0-301F-11D3-BF4B-00C04F79EFBC}") = "ModernFrequency.Business.Abstraction", "..\ModernFrequency.Business.Abstraction\ModernFrequency.Business.Abstraction.csproj", "{91C8B144-8D20-44D3-AC59-277EE6682B27}"
EndProject
Project("{FAE04EC0-301F-11D3-BF4B-00C04F79EFBC}") = "ModernFrequency.Business.Models", "..\ModernFrequency.Business.Models\ModernFrequency.Business.Models.csproj", "{36F2A887-8ECB-4C99-B9D8-1DFB854E4C4E}"
EndProject
Global
	GlobalSection(SolutionConfigurationPlatforms) = preSolution
		Debug|Any CPU = Debug|Any CPU
		Release|Any CPU = Release|Any CPU
	EndGlobalSection
	GlobalSection(ProjectConfigurationPlatforms) = postSolution
		{DFDB3946-320C-4DC7-B45D-F3A6F8C6D028}.Debug|Any CPU.ActiveCfg = Debug|Any CPU
		{DFDB3946-320C-4DC7-B45D-F3A6F8C6D028}.Debug|Any CPU.Build.0 = Debug|Any CPU
		{DFDB3946-320C-4DC7-B45D-F3A6F8C6D028}.Release|Any CPU.ActiveCfg = Release|Any CPU
		{DFDB3946-320C-4DC7-B45D-F3A6F8C6D028}.Release|Any CPU.Build.0 = Release|Any CPU
		{943F6D57-D542-4173-8240-C7D832544A56}.Debug|Any CPU.ActiveCfg = Debug|Any CPU
		{943F6D57-D542-4173-8240-C7D832544A56}.Debug|Any CPU.Build.0 = Debug|Any CPU
		{943F6D57-D542-4173-8240-C7D832544A56}.Release|Any CPU.ActiveCfg = Release|Any CPU
		{943F6D57-D542-4173-8240-C7D832544A56}.Release|Any CPU.Build.0 = Release|Any CPU
		{2E3A2A64-2B96-4318-8FCE-0F81E20605B7}.Debug|Any CPU.ActiveCfg = Debug|Any CPU
		{2E3A2A64-2B96-4318-8FCE-0F81E20605B7}.Debug|Any CPU.Build.0 = Debug|Any CPU
		{2E3A2A64-2B96-4318-8FCE-0F81E20605B7}.Release|Any CPU.ActiveCfg = Release|Any CPU
		{2E3A2A64-2B96-4318-8FCE-0F81E20605B7}.Release|Any CPU.Build.0 = Release|Any CPU
		{8D5D08D4-FD62-4B84-B5A3-89046DFC0ACB}.Debug|Any CPU.ActiveCfg = Debug|Any CPU
		{8D5D08D4-FD62-4B84-B5A3-89046DFC0ACB}.Debug|Any CPU.Build.0 = Debug|Any CPU
		{8D5D08D4-FD62-4B84-B5A3-89046DFC0ACB}.Release|Any CPU.ActiveCfg = Release|Any CPU
		{8D5D08D4-FD62-4B84-B5A3-89046DFC0ACB}.Release|Any CPU.Build.0 = Release|Any CPU
		{44ACA7E9-E3CA-4735-AE86-7810ECD58D70}.Debug|Any CPU.ActiveCfg = Debug|Any CPU
		{44ACA7E9-E3CA-4735-AE86-7810ECD58D70}.Debug|Any CPU.Build.0 = Debug|Any CPU
		{44ACA7E9-E3CA-4735-AE86-7810ECD58D70}.Release|Any CPU.ActiveCfg = Release|Any CPU
		{44ACA7E9-E3CA-4735-AE86-7810ECD58D70}.Release|Any CPU.Build.0 = Release|Any CPU
		{91C8B144-8D20-44D3-AC59-277EE6682B27}.Debug|Any CPU.ActiveCfg = Debug|Any CPU
		{91C8B144-8D20-44D3-AC59-277EE6682B27}.Debug|Any CPU.Build.0 = Debug|Any CPU
		{91C8B144-8D20-44D3-AC59-277EE6682B27}.Release|Any CPU.ActiveCfg = Release|Any CPU
		{91C8B144-8D20-44D3-AC59-277EE6682B27}.Release|Any CPU.Build.0 = Release|Any CPU
		{36F2A887-8ECB-4C99-B9D8-1DFB854E4C4E}.Debug|Any CPU.ActiveCfg = Debug|Any CPU
		{36F2A887-8ECB-4C99-B9D8-1DFB854E4C4E}.Debug|Any CPU.Build.0 = Debug|Any CPU
		{36F2A887-8ECB-4C99-B9D8-1DFB854E4C4E}.Release|Any CPU.ActiveCfg = Release|Any CPU
		{36F2A887-8ECB-4C99-B9D8-1DFB854E4C4E}.Release|Any CPU.Build.0 = Release|Any CPU
	EndGlobalSection
	GlobalSection(SolutionProperties) = preSolution
		HideSolutionNode = FALSE
	EndGlobalSection
	GlobalSection(ExtensibilityGlobals) = postSolution
		SolutionGuid = {C6E9EDCA-6865-4CC3-949B-EBB6BDA9009C}
	EndGlobalSection
EndGlobal
